
Microsoft Visual Studio Solution File, Format Version 15.00
# Visual Studio 2017
Project("{FAE04EC0-301F-11D3-BF4B-00C04F79EFBC}") = "DataFormatConverter.Tests", "DataFormatConverter.Tests.csproj", "{22A1B38E-F3BD-4BFA-A48C-04BA9073DB5A}"
EndProject
Global
	GlobalSection(SolutionConfigurationPlatforms) = preSolution
		Debug|Any CPU = Debug|Any CPU
		Release|Any CPU = Release|Any CPU
	EndGlobalSection
	GlobalSection(ProjectConfigurationPlatforms) = postSolution
		{22A1B38E-F3BD-4BFA-A48C-04BA9073DB5A}.Debug|Any CPU.ActiveCfg = Debug|Any CPU
		{22A1B38E-F3BD-4BFA-A48C-04BA9073DB5A}.Debug|Any CPU.Build.0 = Debug|Any CPU
		{22A1B38E-F3BD-4BFA-A48C-04BA9073DB5A}.Release|Any CPU.ActiveCfg = Release|Any CPU
		{22A1B38E-F3BD-4BFA-A48C-04BA9073DB5A}.Release|Any CPU.Build.0 = Release|Any CPU
	EndGlobalSection
EndGlobal
